# This file is generated by running "yarn install" inside your project.
# Manual changes might be lost - proceed with caution!

__metadata:
  version: 6
  cacheKey: 8

"@noble/hashes@npm:1.3.0":
  version: 1.3.0
  resolution: "@noble/hashes@npm:1.3.0"
  checksum: d7ddb6d7c60f1ce1f87facbbef5b724cdea536fc9e7f59ae96e0fc9de96c8f1a2ae2bdedbce10f7dcc621338dfef8533daa73c873f2b5c87fa1a4e05a95c2e2e
  languageName: node
  linkType: hard

"@noble/secp256k1@npm:1.7.1":
  version: 1.7.1
  resolution: "@noble/secp256k1@npm:1.7.1"
  checksum: d2301f1f7690368d8409a3152450458f27e54df47e3f917292de3de82c298770890c2de7c967d237eff9c95b70af485389a9695f73eb05a43e2bd562d18b18cb
  languageName: node
  linkType: hard

"@polkadot/api-augment@npm:10.2.1":
  version: 10.2.1
  resolution: "@polkadot/api-augment@npm:10.2.1"
  dependencies:
    "@polkadot/api-base": 10.2.1
    "@polkadot/rpc-augment": 10.2.1
    "@polkadot/types": 10.2.1
    "@polkadot/types-augment": 10.2.1
    "@polkadot/types-codec": 10.2.1
    "@polkadot/util": ^11.1.2
    tslib: ^2.5.0
  checksum: 0ccb12839e6efc61a734cf8deb74cd70790ff5cb28db55a151f9dc9900719634aac0aabe1a6ba4579bb2fdcaa04b2234612b6172e2e92c804138e65828cd2dba
  languageName: node
  linkType: hard

"@polkadot/api-base@npm:10.2.1":
  version: 10.2.1
  resolution: "@polkadot/api-base@npm:10.2.1"
  dependencies:
    "@polkadot/rpc-core": 10.2.1
    "@polkadot/types": 10.2.1
    "@polkadot/util": ^11.1.2
    rxjs: ^7.8.0
    tslib: ^2.5.0
  checksum: fbe0f04fd4decd34f6242e4dd9e80e0e7fded689e9cc6756d4dd1ddfc6dea1dd8f71c55c8a17745fa87c396f131a8713abb944527ecb255bb2849213a4056cd2
  languageName: node
  linkType: hard

"@polkadot/api-derive@npm:10.2.1":
  version: 10.2.1
  resolution: "@polkadot/api-derive@npm:10.2.1"
  dependencies:
    "@polkadot/api": 10.2.1
    "@polkadot/api-augment": 10.2.1
    "@polkadot/api-base": 10.2.1
    "@polkadot/rpc-core": 10.2.1
    "@polkadot/types": 10.2.1
    "@polkadot/types-codec": 10.2.1
    "@polkadot/util": ^11.1.2
    "@polkadot/util-crypto": ^11.1.2
    rxjs: ^7.8.0
    tslib: ^2.5.0
  checksum: 13a1c3d2df0ec420349e8f401b966969fd809d389a6950e3c449cdce2c21e6c93fd4204728e11e0f68a70db984a11fb2524f287b1f39c58eaffad4edf5cb3e92
  languageName: node
  linkType: hard

"@polkadot/api@npm:10.2.1, @polkadot/api@npm:^10.2.1":
  version: 10.2.1
  resolution: "@polkadot/api@npm:10.2.1"
  dependencies:
    "@polkadot/api-augment": 10.2.1
    "@polkadot/api-base": 10.2.1
    "@polkadot/api-derive": 10.2.1
    "@polkadot/keyring": ^11.1.2
    "@polkadot/rpc-augment": 10.2.1
    "@polkadot/rpc-core": 10.2.1
    "@polkadot/rpc-provider": 10.2.1
    "@polkadot/types": 10.2.1
    "@polkadot/types-augment": 10.2.1
    "@polkadot/types-codec": 10.2.1
    "@polkadot/types-create": 10.2.1
    "@polkadot/types-known": 10.2.1
    "@polkadot/util": ^11.1.2
    "@polkadot/util-crypto": ^11.1.2
    eventemitter3: ^5.0.0
    rxjs: ^7.8.0
    tslib: ^2.5.0
  checksum: 4aa97bb43cd1cf93a91defa986d0e614f3a072fcf807d055eb4eaafb55d0bd1c13d54c6ce0bb6088b848b86147b31b20529fd911d1d9394791af7a7cf8163311
  languageName: node
  linkType: hard

"@polkadot/keyring@npm:^11.1.2":
  version: 11.1.2
  resolution: "@polkadot/keyring@npm:11.1.2"
  dependencies:
    "@polkadot/util": 11.1.2
    "@polkadot/util-crypto": 11.1.2
    tslib: ^2.5.0
  peerDependencies:
    "@polkadot/util": 11.1.2
    "@polkadot/util-crypto": 11.1.2
  checksum: 6308d3a20732d06de83f3c9ea28355757b1019185c8b170f6d93b415b2876ae0e0f3c4b44ce03d3d0693d177f354c914728653b7c7a388abc93d738d73699f43
  languageName: node
  linkType: hard

"@polkadot/networks@npm:11.1.2, @polkadot/networks@npm:^11.1.2":
  version: 11.1.2
  resolution: "@polkadot/networks@npm:11.1.2"
  dependencies:
    "@polkadot/util": 11.1.2
    "@substrate/ss58-registry": ^1.39.0
    tslib: ^2.5.0
  checksum: e9087f962966a65010b922ea05b4d376e9c2ca1069cc8c26d02e59cdc4a31821032c9a969991c70aad6eacf0f2e7f3305769f9390ccf465e5a55829d11b1649b
  languageName: node
  linkType: hard

"@polkadot/rpc-augment@npm:10.2.1":
  version: 10.2.1
  resolution: "@polkadot/rpc-augment@npm:10.2.1"
  dependencies:
    "@polkadot/rpc-core": 10.2.1
    "@polkadot/types": 10.2.1
    "@polkadot/types-codec": 10.2.1
    "@polkadot/util": ^11.1.2
    tslib: ^2.5.0
  checksum: 3e3f37413f9610a6e8746f6c3dc9c0652a4d6a06f6d3651f6af23682f67fa334c0925d5466e94a632acb17dcff5fb9101a511d41cab8ef371a8559ca9929df72
  languageName: node
  linkType: hard

"@polkadot/rpc-core@npm:10.2.1":
  version: 10.2.1
  resolution: "@polkadot/rpc-core@npm:10.2.1"
  dependencies:
    "@polkadot/rpc-augment": 10.2.1
    "@polkadot/rpc-provider": 10.2.1
    "@polkadot/types": 10.2.1
    "@polkadot/util": ^11.1.2
    rxjs: ^7.8.0
    tslib: ^2.5.0
  checksum: 8fd11f769772ed73939fbb02ef376149eaf12e93e1ac67995f27e3c7736525c9b569f46a15a5dcbff30761644366b08bd0513111540263777c72e024d4d58751
  languageName: node
  linkType: hard

"@polkadot/rpc-provider@npm:10.2.1":
  version: 10.2.1
  resolution: "@polkadot/rpc-provider@npm:10.2.1"
  dependencies:
    "@polkadot/keyring": ^11.1.2
    "@polkadot/types": 10.2.1
    "@polkadot/types-support": 10.2.1
    "@polkadot/util": ^11.1.2
    "@polkadot/util-crypto": ^11.1.2
    "@polkadot/x-fetch": ^11.1.2
    "@polkadot/x-global": ^11.1.2
    "@polkadot/x-ws": ^11.1.2
    "@substrate/connect": 0.7.22
    eventemitter3: ^5.0.0
    mock-socket: ^9.2.1
    nock: ^13.3.0
    tslib: ^2.5.0
  dependenciesMeta:
    "@substrate/connect":
      optional: true
  checksum: 73b7f56646e03c27c777e7fb787a2354c3b86f8a63c2f6dbaf0a7d11e1cee7a0450bb66f3a904324cad6b3f30ba42b27cfab26f9e50df4238fe12705702e2892
  languageName: node
  linkType: hard

"@polkadot/types-augment@npm:10.2.1":
  version: 10.2.1
  resolution: "@polkadot/types-augment@npm:10.2.1"
  dependencies:
    "@polkadot/types": 10.2.1
    "@polkadot/types-codec": 10.2.1
    "@polkadot/util": ^11.1.2
    tslib: ^2.5.0
  checksum: 7aa0d08d4937c01c78f2eb070bd2a65427e510b8c67fe7db839dd767c8469a6055a003fcb1e682b09fd12d09f83d6295ebdfb7d70497f5ba415c9d963fd0f0ac
  languageName: node
  linkType: hard

"@polkadot/types-codec@npm:10.2.1":
  version: 10.2.1
  resolution: "@polkadot/types-codec@npm:10.2.1"
  dependencies:
    "@polkadot/util": ^11.1.2
    "@polkadot/x-bigint": ^11.1.2
    tslib: ^2.5.0
  checksum: 8f1003a230f110371cd6c63f0f8cf06504c9f1e61845da0ff054df87bd280fdf6920b60a60030424c275c8b4b6986546727db044667e3e62cfa35870fcb3757a
  languageName: node
  linkType: hard

"@polkadot/types-create@npm:10.2.1":
  version: 10.2.1
  resolution: "@polkadot/types-create@npm:10.2.1"
  dependencies:
    "@polkadot/types-codec": 10.2.1
    "@polkadot/util": ^11.1.2
    tslib: ^2.5.0
  checksum: 5541b5c8b2ef647ee236d65effaf72d516876ae6bf377a9a081d4a5650cbc1906766501d7ee46144d3a070e3890602537ffb9cd65bccd0f9105cc9271598784e
  languageName: node
  linkType: hard

"@polkadot/types-known@npm:10.2.1":
  version: 10.2.1
  resolution: "@polkadot/types-known@npm:10.2.1"
  dependencies:
    "@polkadot/networks": ^11.1.2
    "@polkadot/types": 10.2.1
    "@polkadot/types-codec": 10.2.1
    "@polkadot/types-create": 10.2.1
    "@polkadot/util": ^11.1.2
    tslib: ^2.5.0
  checksum: 16ee6942c6e4c82522d3e2718984c67549cb46b5390d10c342d23e17ea2351f8fe764e3342770c599b132a262c74bcedc187c2e4bd3fa983dac5a6a072c7f97a
  languageName: node
  linkType: hard

"@polkadot/types-support@npm:10.2.1":
  version: 10.2.1
  resolution: "@polkadot/types-support@npm:10.2.1"
  dependencies:
    "@polkadot/util": ^11.1.2
    tslib: ^2.5.0
  checksum: e0cff3c6c42e16d5df1410030f4645e687f56fede92da638bf174a4af539a995751d81971932d2e9813734414a7452478849ae36473bd14e1b71836b22a9396b
  languageName: node
  linkType: hard

"@polkadot/types@npm:10.2.1":
  version: 10.2.1
  resolution: "@polkadot/types@npm:10.2.1"
  dependencies:
    "@polkadot/keyring": ^11.1.2
    "@polkadot/types-augment": 10.2.1
    "@polkadot/types-codec": 10.2.1
    "@polkadot/types-create": 10.2.1
    "@polkadot/util": ^11.1.2
    "@polkadot/util-crypto": ^11.1.2
    rxjs: ^7.8.0
    tslib: ^2.5.0
  checksum: e0553e19cf49eb52c2d9e76e6835b954f63bf4cbc3364f2cd276fe08e940f681267719d4b6e8c07af1b560ca5cec6dc770dfc73f6e7465b7097829aef53bba88
  languageName: node
  linkType: hard

"@polkadot/util-crypto@npm:11.1.2, @polkadot/util-crypto@npm:^11.1.2":
  version: 11.1.2
  resolution: "@polkadot/util-crypto@npm:11.1.2"
  dependencies:
    "@noble/hashes": 1.3.0
    "@noble/secp256k1": 1.7.1
    "@polkadot/networks": 11.1.2
    "@polkadot/util": 11.1.2
    "@polkadot/wasm-crypto": ^7.0.3
    "@polkadot/x-bigint": 11.1.2
    "@polkadot/x-randomvalues": 11.1.2
    "@scure/base": 1.1.1
    tslib: ^2.5.0
    tweetnacl: ^1.0.3
  peerDependencies:
    "@polkadot/util": 11.1.2
  checksum: cd84ad7e961611c6973e142bfeefd85037be568206e27a8b94bb5a69c4b572cf7d7b68fa09bc2f9376ec403f8f56d382ee47225d12e55ee4ca30384c433c6eb9
  languageName: node
  linkType: hard

"@polkadot/util@npm:11.1.2, @polkadot/util@npm:^11.1.2":
  version: 11.1.2
  resolution: "@polkadot/util@npm:11.1.2"
  dependencies:
    "@polkadot/x-bigint": 11.1.2
    "@polkadot/x-global": 11.1.2
    "@polkadot/x-textdecoder": 11.1.2
    "@polkadot/x-textencoder": 11.1.2
    "@types/bn.js": ^5.1.1
    bn.js: ^5.2.1
    tslib: ^2.5.0
  checksum: a44c24a65f5645e76dc0088ed03ff9206ea78c6b333f558f31dee9f5d60b61f67fd37a71c0aae512c2d4757536dbca4ea604014cd5c6aac374ab0cc6fb86c37f
  languageName: node
  linkType: hard

"@polkadot/wasm-bridge@npm:7.0.3":
  version: 7.0.3
  resolution: "@polkadot/wasm-bridge@npm:7.0.3"
  dependencies:
    tslib: ^2.5.0
  peerDependencies:
    "@polkadot/util": "*"
    "@polkadot/x-randomvalues": "*"
  checksum: 9603e0bfca80e0fbe1192783653c095990d34e4eb0b187f8fedd97abaeee4a3147e4f5e66e910b63f024030b0e7e21aedf118c0c58407a4464837ca7f2355809
  languageName: node
  linkType: hard

"@polkadot/wasm-crypto-asmjs@npm:7.0.3":
  version: 7.0.3
  resolution: "@polkadot/wasm-crypto-asmjs@npm:7.0.3"
  dependencies:
    tslib: ^2.5.0
  peerDependencies:
    "@polkadot/util": "*"
  checksum: 6f819ba35612c475b3b14f286efa432086bdb9599ddb034c1abf448f0ad6e376ae81bac0ad4984564f6d5f82691ed5c4b74735ebc75dfdecf8f96f2e4bfcd5a3
  languageName: node
  linkType: hard

"@polkadot/wasm-crypto-init@npm:7.0.3":
  version: 7.0.3
  resolution: "@polkadot/wasm-crypto-init@npm:7.0.3"
  dependencies:
    "@polkadot/wasm-bridge": 7.0.3
    "@polkadot/wasm-crypto-asmjs": 7.0.3
    "@polkadot/wasm-crypto-wasm": 7.0.3
    tslib: ^2.5.0
  peerDependencies:
    "@polkadot/util": "*"
    "@polkadot/x-randomvalues": "*"
  checksum: ee5957c0b2297e58d913e59a5eecde10c8272a2bfc6e072e669ee8ada0105444f8d9cae535948849406fd696941620094daea12cc2950e18a0439d7fba2e19d8
  languageName: node
  linkType: hard

"@polkadot/wasm-crypto-wasm@npm:7.0.3":
  version: 7.0.3
  resolution: "@polkadot/wasm-crypto-wasm@npm:7.0.3"
  dependencies:
    "@polkadot/wasm-util": 7.0.3
    tslib: ^2.5.0
  peerDependencies:
    "@polkadot/util": "*"
  checksum: ef9e6e88e066762e3803b8b0f4276035b835b2eaab86c53f004f977073442b6e51d7baf4c7bc308913c091975056c1b64ef1c00085e31f9988e12155b24111fb
  languageName: node
  linkType: hard

"@polkadot/wasm-crypto@npm:^7.0.3":
  version: 7.0.3
  resolution: "@polkadot/wasm-crypto@npm:7.0.3"
  dependencies:
    "@polkadot/wasm-bridge": 7.0.3
    "@polkadot/wasm-crypto-asmjs": 7.0.3
    "@polkadot/wasm-crypto-init": 7.0.3
    "@polkadot/wasm-crypto-wasm": 7.0.3
    "@polkadot/wasm-util": 7.0.3
    tslib: ^2.5.0
  peerDependencies:
    "@polkadot/util": "*"
    "@polkadot/x-randomvalues": "*"
  checksum: e63fefca98685ea5ef488304e5aa7c30b1c483d7f633cda1efebfc95f8255faaf62fbaba439d81e57fadc11e53d3033a5b71272742cbdc0207f4ba617dba8123
  languageName: node
  linkType: hard

"@polkadot/wasm-util@npm:7.0.3":
  version: 7.0.3
  resolution: "@polkadot/wasm-util@npm:7.0.3"
  dependencies:
    tslib: ^2.5.0
  peerDependencies:
    "@polkadot/util": "*"
  checksum: b20414290bbc9f67523c5180345f20ea8ef6244c90768936e0a25cce642448b086374869b99e6f2f7c071c0dea318ac9fb9761b8efefdeb24b75828c5d8bec3d
  languageName: node
  linkType: hard

"@polkadot/x-bigint@npm:11.1.2, @polkadot/x-bigint@npm:^11.1.2":
  version: 11.1.2
  resolution: "@polkadot/x-bigint@npm:11.1.2"
  dependencies:
    "@polkadot/x-global": 11.1.2
    tslib: ^2.5.0
  checksum: 83d834c53ad9c3fd63365d2c33d800cd16897df6a0d363f0224129ea506c7f8bb2aab683284377208fb3b6915c35cc92bac3b989dcfbd4c2a42cda899f84844e
  languageName: node
  linkType: hard

"@polkadot/x-fetch@npm:^11.1.2":
  version: 11.1.2
  resolution: "@polkadot/x-fetch@npm:11.1.2"
  dependencies:
    "@polkadot/x-global": 11.1.2
    node-fetch: ^3.3.1
    tslib: ^2.5.0
  checksum: cc22d68ad06ded5296daf7e91b4253b652820b61b5c4264694af62d028e67f10b9f6b5c63272196bfa6c738481e3d9284d1b5dbbc6c3692ed2a4f31209c59a2e
  languageName: node
  linkType: hard

"@polkadot/x-global@npm:11.1.2, @polkadot/x-global@npm:^11.1.2":
  version: 11.1.2
  resolution: "@polkadot/x-global@npm:11.1.2"
  dependencies:
    tslib: ^2.5.0
  checksum: dc6e4af5a4753e5043a38156fcc756f0c3d22b8b1d5a1ec98c555da2e2894486f6256b50d280e426524b89dd817a09d197322e49e40eb0190f41fdc252e2ea2c
  languageName: node
  linkType: hard

"@polkadot/x-randomvalues@npm:11.1.2":
  version: 11.1.2
  resolution: "@polkadot/x-randomvalues@npm:11.1.2"
  dependencies:
    "@polkadot/x-global": 11.1.2
    tslib: ^2.5.0
  checksum: 0c72571133ddd5daf14ac2777ba50e577da5ea7063d823fa3f678e47b63ee96f876117f9209b5c8780d5607060166cca13408c0461550388b5e846a57e23d005
  languageName: node
  linkType: hard

"@polkadot/x-textdecoder@npm:11.1.2":
  version: 11.1.2
  resolution: "@polkadot/x-textdecoder@npm:11.1.2"
  dependencies:
    "@polkadot/x-global": 11.1.2
    tslib: ^2.5.0
  checksum: 85e78762dfe3583f8776fc531d4fba3a547530da65790d993447893924fc8d9d9cde44f438d8bbafe5e34edaeea505a6866bd106b3bcc145f0bc8514d626d822
  languageName: node
  linkType: hard

"@polkadot/x-textencoder@npm:11.1.2":
  version: 11.1.2
  resolution: "@polkadot/x-textencoder@npm:11.1.2"
  dependencies:
    "@polkadot/x-global": 11.1.2
    tslib: ^2.5.0
  checksum: 9a9425a8e55a5c3a50eb2bbe0e6840bd055cf5c1ccdb410cb117d33bf3ae792055c6a498f150a8de227725f73ef4bc008bfa9f061408bb42b01242e9820261ef
  languageName: node
  linkType: hard

"@polkadot/x-ws@npm:^11.1.2":
  version: 11.1.2
  resolution: "@polkadot/x-ws@npm:11.1.2"
  dependencies:
    "@polkadot/x-global": 11.1.2
    tslib: ^2.5.0
    ws: ^8.13.0
  checksum: 59c3e1914159334b611066ef4f3b6c55008737f309870b25180e5071a42e86ec0bab04979848eac8a44264d312f2eeb147bc04d2a25343486300e92bcc44f512
  languageName: node
  linkType: hard

"@scure/base@npm:1.1.1":
  version: 1.1.1
  resolution: "@scure/base@npm:1.1.1"
  checksum: b4fc810b492693e7e8d0107313ac74c3646970c198bbe26d7332820886fa4f09441991023ec9aa3a2a51246b74409ab5ebae2e8ef148bbc253da79ac49130309
  languageName: node
  linkType: hard

"@substrate/connect-extension-protocol@npm:^1.0.1":
  version: 1.0.1
  resolution: "@substrate/connect-extension-protocol@npm:1.0.1"
  checksum: 116dee587e81e832e14c25038bd849438c9493c6089aa6c1bf1760780d463880d44d362ed983d57ac3695368ac46f3c9df3dbaed92f36de89626c9735cecd1e4
  languageName: node
  linkType: hard

"@substrate/connect@npm:0.7.22":
  version: 0.7.22
  resolution: "@substrate/connect@npm:0.7.22"
  dependencies:
    "@substrate/connect-extension-protocol": ^1.0.1
    eventemitter3: ^4.0.7
    smoldot: 1.0.0
  checksum: 4128c5a037d12de7146416023c9088fe0dedd75734e378e3aaa00d922fae56325df1ba3a49cf3f9489d3bd90941fe73570bc486a2aa8091017083d3250e43d56
  languageName: node
  linkType: hard

"@substrate/ss58-registry@npm:^1.39.0":
  version: 1.39.0
  resolution: "@substrate/ss58-registry@npm:1.39.0"
  checksum: 1a16d1f637ea8c9a0cd2cabedb8731b81cafa1e979912a2183c2c670d680dc759136ad5f4183bef48359bd9f0a005f676e7ab78a4f076c19a2cf32974049a1f8
  languageName: node
  linkType: hard

"@types/bn.js@npm:^5.1.1":
  version: 5.1.1
  resolution: "@types/bn.js@npm:5.1.1"
  dependencies:
    "@types/node": "*"
  checksum: e50ed2dd3abe997e047caf90e0352c71e54fc388679735217978b4ceb7e336e51477791b715f49fd77195ac26dd296c7bad08a3be9750e235f9b2e1edb1b51c2
  languageName: node
  linkType: hard

"@types/node@npm:*":
  version: 18.15.10
  resolution: "@types/node@npm:18.15.10"
  checksum: 9aeae0b683eda82892def5315812bdee3f1a28c4898b7e70f8e2514564538b16c4dccbe8339c1266f8fc1d707a48f152689264a854f5ebc2eba5011e793612d9
  languageName: node
  linkType: hard

"PolkadotTest@workspace:.":
  version: 0.0.0-use.local
  resolution: "PolkadotTest@workspace:."
  dependencies:
    "@polkadot/api": ^10.2.1
    rxjs: ^7.8.0
  languageName: unknown
  linkType: soft

"bn.js@npm:^5.2.1":
  version: 5.2.1
  resolution: "bn.js@npm:5.2.1"
  checksum: 3dd8c8d38055fedfa95c1d5fc3c99f8dd547b36287b37768db0abab3c239711f88ff58d18d155dd8ad902b0b0cee973747b7ae20ea12a09473272b0201c9edd3
  languageName: node
  linkType: hard

"data-uri-to-buffer@npm:^4.0.0":
  version: 4.0.1
  resolution: "data-uri-to-buffer@npm:4.0.1"
  checksum: 0d0790b67ffec5302f204c2ccca4494f70b4e2d940fea3d36b09f0bb2b8539c2e86690429eb1f1dc4bcc9e4df0644193073e63d9ee48ac9fce79ec1506e4aa4c
  languageName: node
  linkType: hard

"debug@npm:^4.1.0":
  version: 4.3.4
  resolution: "debug@npm:4.3.4"
  dependencies:
    ms: 2.1.2
  peerDependenciesMeta:
    supports-color:
      optional: true
  checksum: 3dbad3f94ea64f34431a9cbf0bafb61853eda57bff2880036153438f50fb5a84f27683ba0d8e5426bf41a8c6ff03879488120cf5b3a761e77953169c0600a708
  languageName: node
  linkType: hard

"eventemitter3@npm:^4.0.7":
  version: 4.0.7
  resolution: "eventemitter3@npm:4.0.7"
  checksum: 1875311c42fcfe9c707b2712c32664a245629b42bb0a5a84439762dd0fd637fc54d078155ea83c2af9e0323c9ac13687e03cfba79b03af9f40c89b4960099374
  languageName: node
  linkType: hard

"eventemitter3@npm:^5.0.0":
  version: 5.0.0
  resolution: "eventemitter3@npm:5.0.0"
  checksum: b974bafbab860e0a5bbb21add4c4e82f9d5691c583c03f2e4c5d44a2d6c4556d79223621bdcfc6c8e14366a4af9df6b5ea9d6caf65fbffc80b66f3e1dceacbc9
  languageName: node
  linkType: hard

"fetch-blob@npm:^3.1.2, fetch-blob@npm:^3.1.4":
  version: 3.2.0
  resolution: "fetch-blob@npm:3.2.0"
  dependencies:
    node-domexception: ^1.0.0
    web-streams-polyfill: ^3.0.3
  checksum: f19bc28a2a0b9626e69fd7cf3a05798706db7f6c7548da657cbf5026a570945f5eeaedff52007ea35c8bcd3d237c58a20bf1543bc568ab2422411d762dd3d5bf
  languageName: node
  linkType: hard

"formdata-polyfill@npm:^4.0.10":
  version: 4.0.10
  resolution: "formdata-polyfill@npm:4.0.10"
  dependencies:
    fetch-blob: ^3.1.2
  checksum: 82a34df292afadd82b43d4a740ce387bc08541e0a534358425193017bf9fb3567875dc5f69564984b1da979979b70703aa73dee715a17b6c229752ae736dd9db
  languageName: node
  linkType: hard

"json-stringify-safe@npm:^5.0.1":
  version: 5.0.1
  resolution: "json-stringify-safe@npm:5.0.1"
  checksum: 48ec0adad5280b8a96bb93f4563aa1667fd7a36334f79149abd42446d0989f2ddc58274b479f4819f1f00617957e6344c886c55d05a4e15ebb4ab931e4a6a8ee
  languageName: node
  linkType: hard

"lodash@npm:^4.17.21":
  version: 4.17.21
  resolution: "lodash@npm:4.17.21"
  checksum: eb835a2e51d381e561e508ce932ea50a8e5a68f4ebdd771ea240d3048244a8d13658acbd502cd4829768c56f2e16bdd4340b9ea141297d472517b83868e677f7
  languageName: node
  linkType: hard

"mock-socket@npm:^9.2.1":
  version: 9.2.1
  resolution: "mock-socket@npm:9.2.1"
  checksum: daf07689563163dbcefbefe23b2a9784a75d0af31706f23ad535c6ab2abbcdefa2e91acddeb50a3c39009139e47a8f909cbb38e8137452193ccb9331637fee3e
  languageName: node
  linkType: hard

"ms@npm:2.1.2":
  version: 2.1.2
  resolution: "ms@npm:2.1.2"
  checksum: 673cdb2c3133eb050c745908d8ce632ed2c02d85640e2edb3ace856a2266a813b30c613569bf3354fdf4ea7d1a1494add3bfa95e2713baa27d0c2c71fc44f58f
  languageName: node
  linkType: hard

"nock@npm:^13.3.0":
  version: 13.3.0
  resolution: "nock@npm:13.3.0"
  dependencies:
    debug: ^4.1.0
    json-stringify-safe: ^5.0.1
    lodash: ^4.17.21
    propagate: ^2.0.0
  checksum: 118d04e95a17f493898a82b5dfecc03762776e1980d9c3b2077479747e60b77109c5f7c0df969d1a8f6039260abe5961733553a5841f0f627bb35238576a0009
  languageName: node
  linkType: hard

"node-domexception@npm:^1.0.0":
  version: 1.0.0
  resolution: "node-domexception@npm:1.0.0"
  checksum: ee1d37dd2a4eb26a8a92cd6b64dfc29caec72bff5e1ed9aba80c294f57a31ba4895a60fd48347cf17dd6e766da0ae87d75657dfd1f384ebfa60462c2283f5c7f
  languageName: node
  linkType: hard

"node-fetch@npm:^3.3.1":
  version: 3.3.1
  resolution: "node-fetch@npm:3.3.1"
  dependencies:
    data-uri-to-buffer: ^4.0.0
    fetch-blob: ^3.1.4
    formdata-polyfill: ^4.0.10
  checksum: 62145fd3ba4770a76110bc31fdc0054ab2f5442b5ce96e9c4b39fc9e94a3d305560eec76e1165d9259eab866e02a8eecf9301062bb5dfc9f08a4d08b69d223dd
  languageName: node
  linkType: hard

"pako@npm:^2.0.4":
  version: 2.1.0
  resolution: "pako@npm:2.1.0"
  checksum: 71666548644c9a4d056bcaba849ca6fd7242c6cf1af0646d3346f3079a1c7f4a66ffec6f7369ee0dc88f61926c10d6ab05da3e1fca44b83551839e89edd75a3e
  languageName: node
  linkType: hard

"propagate@npm:^2.0.0":
  version: 2.0.1
  resolution: "propagate@npm:2.0.1"
  checksum: c4febaee2be0979e82fb6b3727878fd122a98d64a7fa3c9d09b0576751b88514a9e9275b1b92e76b364d488f508e223bd7e1dcdc616be4cdda876072fbc2a96c
  languageName: node
  linkType: hard

"rxjs@npm:^7.8.0":
  version: 7.8.0
  resolution: "rxjs@npm:7.8.0"
  dependencies:
    tslib: ^2.1.0
  checksum: 61b4d4fd323c1043d8d6ceb91f24183b28bcf5def4f01ca111511d5c6b66755bc5578587fe714ef5d67cf4c9f2e26f4490d4e1d8cabf9bd5967687835e9866a2
  languageName: node
  linkType: hard

"smoldot@npm:1.0.0":
  version: 1.0.0
  resolution: "smoldot@npm:1.0.0"
  dependencies:
    pako: ^2.0.4
    ws: ^8.8.1
  checksum: 507126c07a6512ea7d19fb2041cc0f78b8031a3f76471b491f19db81e61dbe7ebbd633c23951e9f8e7c3aeee3fc4c0b508dee5b925bfb7d6640ce0853ce6e3ef
  languageName: node
  linkType: hard

"tslib@npm:^2.1.0, tslib@npm:^2.5.0":
  version: 2.5.0
  resolution: "tslib@npm:2.5.0"
  checksum: ae3ed5f9ce29932d049908ebfdf21b3a003a85653a9a140d614da6b767a93ef94f460e52c3d787f0e4f383546981713f165037dc2274df212ea9f8a4541004e1
  languageName: node
  linkType: hard

"tweetnacl@npm:^1.0.3":
  version: 1.0.3
  resolution: "tweetnacl@npm:1.0.3"
  checksum: e4a57cac188f0c53f24c7a33279e223618a2bfb5fea426231991652a13247bea06b081fd745d71291fcae0f4428d29beba1b984b1f1ce6f66b06a6d1ab90645c
  languageName: node
  linkType: hard

"web-streams-polyfill@npm:^3.0.3":
  version: 3.2.1
  resolution: "web-streams-polyfill@npm:3.2.1"
  checksum: b119c78574b6d65935e35098c2afdcd752b84268e18746606af149e3c424e15621b6f1ff0b42b2676dc012fc4f0d313f964b41a4b5031e525faa03997457da02
  languageName: node
  linkType: hard

"ws@npm:^8.13.0, ws@npm:^8.8.1":
  version: 8.13.0
  resolution: "ws@npm:8.13.0"
  peerDependencies:
    bufferutil: ^4.0.1
    utf-8-validate: ">=5.0.2"
  peerDependenciesMeta:
    bufferutil:
      optional: true
    utf-8-validate:
      optional: true
  checksum: 53e991bbf928faf5dc6efac9b8eb9ab6497c69feeb94f963d648b7a3530a720b19ec2e0ec037344257e05a4f35bd9ad04d9de6f289615ffb133282031b18c61c
  languageName: node
  linkType: hard
